
Microsoft Visual Studio Solution File, Format Version 12.00
Project("{2150E333-8FDC-42A3-9474-1A3956D46DE8}") = "lab0", "lab0", "{B8FA84D7-5055-4B0D-B418-49DAE5A27969}"
EndProject
Project("{2150E333-8FDC-42A3-9474-1A3956D46DE8}") = "lab1", "lab1", "{52813C87-31AA-4006-82E6-5E91E12A8987}"
EndProject
Project("{2150E333-8FDC-42A3-9474-1A3956D46DE8}") = "lab2", "lab2", "{CD8095D2-C879-437B-83E3-034E2DE7F350}"
EndProject
Project("{2150E333-8FDC-42A3-9474-1A3956D46DE8}") = "lab3", "lab3", "{E725FAF3-CA9C-4B79-B474-A48260F7C56C}"
EndProject
Project("{FAE04EC0-301F-11D3-BF4B-00C04F79EFBC}") = "Isu", "lab0\Isu\Isu.csproj", "{8D4E5165-0BE8-4786-9D71-BC21806513A7}"
EndProject
Project("{FAE04EC0-301F-11D3-BF4B-00C04F79EFBC}") = "Shops", "lab1\Shops\Shops.csproj", "{E3F744BD-9762-412A-98B6-D59B6CC2EA5A}"
EndProject
Project("{FAE04EC0-301F-11D3-BF4B-00C04F79EFBC}") = "Isu.Extra", "lab2\Isu.Extra\Isu.Extra.csproj", "{90C718CE-28CF-40CD-A199-A4A9629FDA60}"
EndProject
Project("{FAE04EC0-301F-11D3-BF4B-00C04F79EFBC}") = "Backups", "lab3\Backups\Backups.csproj", "{0EF65615-09F1-4CBB-9BDF-D1F199F0F69B}"
EndProject
Project("{FAE04EC0-301F-11D3-BF4B-00C04F79EFBC}") = "BackupsTests", "lab3\BackupsTests\BackupsTests.csproj", "{D9CE13FC-9788-4F11-958C-79E49871CBA1}"
EndProject
Project("{2150E333-8FDC-42A3-9474-1A3956D46DE8}") = "lab4", "lab4", "{473D7B3E-96E2-4ADF-8E08-28FB66CE8E5C}"
EndProject
Project("{2150E333-8FDC-42A3-9474-1A3956D46DE8}") = "lab5", "lab5", "{A842A35A-D849-4DD7-AAE7-AEA941AC678D}"
EndProject
Project("{FAE04EC0-301F-11D3-BF4B-00C04F79EFBC}") = "BancksConsole", "BancksConsole\BancksConsole.csproj", "{238CE60D-A099-49C6-B6BB-6189AB1326AC}"
EndProject
Project("{FAE04EC0-301F-11D3-BF4B-00C04F79EFBC}") = "Banks", "Banks\Banks.csproj", "{388A593F-4BF4-42E8-A2EF-8D539848D3D3}"
EndProject
Project("{FAE04EC0-301F-11D3-BF4B-00C04F79EFBC}") = "BanksTest", "BanksTest\BanksTest.csproj", "{1E354508-57FF-4C15-9139-3BB1780BEB28}"
EndProject
Global
	GlobalSection(SolutionConfigurationPlatforms) = preSolution
		Debug|Any CPU = Debug|Any CPU
		Release|Any CPU = Release|Any CPU
	EndGlobalSection
	GlobalSection(ProjectConfigurationPlatforms) = postSolution
		{8D4E5165-0BE8-4786-9D71-BC21806513A7}.Debug|Any CPU.ActiveCfg = Debug|Any CPU
		{8D4E5165-0BE8-4786-9D71-BC21806513A7}.Debug|Any CPU.Build.0 = Debug|Any CPU
		{8D4E5165-0BE8-4786-9D71-BC21806513A7}.Release|Any CPU.ActiveCfg = Release|Any CPU
		{8D4E5165-0BE8-4786-9D71-BC21806513A7}.Release|Any CPU.Build.0 = Release|Any CPU
		{E3F744BD-9762-412A-98B6-D59B6CC2EA5A}.Debug|Any CPU.ActiveCfg = Debug|Any CPU
		{E3F744BD-9762-412A-98B6-D59B6CC2EA5A}.Debug|Any CPU.Build.0 = Debug|Any CPU
		{E3F744BD-9762-412A-98B6-D59B6CC2EA5A}.Release|Any CPU.ActiveCfg = Release|Any CPU
		{E3F744BD-9762-412A-98B6-D59B6CC2EA5A}.Release|Any CPU.Build.0 = Release|Any CPU
		{90C718CE-28CF-40CD-A199-A4A9629FDA60}.Debug|Any CPU.ActiveCfg = Debug|Any CPU
		{90C718CE-28CF-40CD-A199-A4A9629FDA60}.Debug|Any CPU.Build.0 = Debug|Any CPU
		{90C718CE-28CF-40CD-A199-A4A9629FDA60}.Release|Any CPU.ActiveCfg = Release|Any CPU
		{90C718CE-28CF-40CD-A199-A4A9629FDA60}.Release|Any CPU.Build.0 = Release|Any CPU
		{0EF65615-09F1-4CBB-9BDF-D1F199F0F69B}.Debug|Any CPU.ActiveCfg = Debug|Any CPU
		{0EF65615-09F1-4CBB-9BDF-D1F199F0F69B}.Debug|Any CPU.Build.0 = Debug|Any CPU
		{0EF65615-09F1-4CBB-9BDF-D1F199F0F69B}.Release|Any CPU.ActiveCfg = Release|Any CPU
		{0EF65615-09F1-4CBB-9BDF-D1F199F0F69B}.Release|Any CPU.Build.0 = Release|Any CPU
		{D9CE13FC-9788-4F11-958C-79E49871CBA1}.Debug|Any CPU.ActiveCfg = Debug|Any CPU
		{D9CE13FC-9788-4F11-958C-79E49871CBA1}.Debug|Any CPU.Build.0 = Debug|Any CPU
		{D9CE13FC-9788-4F11-958C-79E49871CBA1}.Release|Any CPU.ActiveCfg = Release|Any CPU
		{D9CE13FC-9788-4F11-958C-79E49871CBA1}.Release|Any CPU.Build.0 = Release|Any CPU
		{238CE60D-A099-49C6-B6BB-6189AB1326AC}.Debug|Any CPU.ActiveCfg = Debug|Any CPU
		{238CE60D-A099-49C6-B6BB-6189AB1326AC}.Debug|Any CPU.Build.0 = Debug|Any CPU
		{238CE60D-A099-49C6-B6BB-6189AB1326AC}.Release|Any CPU.ActiveCfg = Release|Any CPU
		{238CE60D-A099-49C6-B6BB-6189AB1326AC}.Release|Any CPU.Build.0 = Release|Any CPU
		{388A593F-4BF4-42E8-A2EF-8D539848D3D3}.Debug|Any CPU.ActiveCfg = Debug|Any CPU
		{388A593F-4BF4-42E8-A2EF-8D539848D3D3}.Debug|Any CPU.Build.0 = Debug|Any CPU
		{388A593F-4BF4-42E8-A2EF-8D539848D3D3}.Release|Any CPU.ActiveCfg = Release|Any CPU
		{388A593F-4BF4-42E8-A2EF-8D539848D3D3}.Release|Any CPU.Build.0 = Release|Any CPU
		{1E354508-57FF-4C15-9139-3BB1780BEB28}.Debug|Any CPU.ActiveCfg = Debug|Any CPU
		{1E354508-57FF-4C15-9139-3BB1780BEB28}.Debug|Any CPU.Build.0 = Debug|Any CPU
		{1E354508-57FF-4C15-9139-3BB1780BEB28}.Release|Any CPU.ActiveCfg = Release|Any CPU
		{1E354508-57FF-4C15-9139-3BB1780BEB28}.Release|Any CPU.Build.0 = Release|Any CPU
	EndGlobalSection
	GlobalSection(NestedProjects) = preSolution
		{8D4E5165-0BE8-4786-9D71-BC21806513A7} = {B8FA84D7-5055-4B0D-B418-49DAE5A27969}
		{E3F744BD-9762-412A-98B6-D59B6CC2EA5A} = {52813C87-31AA-4006-82E6-5E91E12A8987}
		{90C718CE-28CF-40CD-A199-A4A9629FDA60} = {CD8095D2-C879-437B-83E3-034E2DE7F350}
		{0EF65615-09F1-4CBB-9BDF-D1F199F0F69B} = {E725FAF3-CA9C-4B79-B474-A48260F7C56C}
		{D9CE13FC-9788-4F11-958C-79E49871CBA1} = {E725FAF3-CA9C-4B79-B474-A48260F7C56C}
		{238CE60D-A099-49C6-B6BB-6189AB1326AC} = {473D7B3E-96E2-4ADF-8E08-28FB66CE8E5C}
		{388A593F-4BF4-42E8-A2EF-8D539848D3D3} = {473D7B3E-96E2-4ADF-8E08-28FB66CE8E5C}
		{1E354508-57FF-4C15-9139-3BB1780BEB28} = {473D7B3E-96E2-4ADF-8E08-28FB66CE8E5C}
	EndGlobalSection
EndGlobal
