
Microsoft Visual Studio Solution File, Format Version 12.00
Project("{2150E333-8FDC-42A3-9474-1A3956D46DE8}") = "lab0", "lab0", "{B8FA84D7-5055-4B0D-B418-49DAE5A27969}"
EndProject
Project("{2150E333-8FDC-42A3-9474-1A3956D46DE8}") = "lab1", "lab1", "{52813C87-31AA-4006-82E6-5E91E12A8987}"
EndProject
Project("{2150E333-8FDC-42A3-9474-1A3956D46DE8}") = "lab2", "lab2", "{CD8095D2-C879-437B-83E3-034E2DE7F350}"
EndProject
Project("{2150E333-8FDC-42A3-9474-1A3956D46DE8}") = "lab3", "lab3", "{E725FAF3-CA9C-4B79-B474-A48260F7C56C}"
EndProject
Project("{FAE04EC0-301F-11D3-BF4B-00C04F79EFBC}") = "Isu", "lab0\Isu\Isu.csproj", "{8D4E5165-0BE8-4786-9D71-BC21806513A7}"
EndProject
Project("{FAE04EC0-301F-11D3-BF4B-00C04F79EFBC}") = "Shops", "lab1\Shops\Shops.csproj", "{E3F744BD-9762-412A-98B6-D59B6CC2EA5A}"
EndProject
Project("{FAE04EC0-301F-11D3-BF4B-00C04F79EFBC}") = "Isu.Extra", "lab2\Isu.Extra\Isu.Extra.csproj", "{90C718CE-28CF-40CD-A199-A4A9629FDA60}"
EndProject
Project("{FAE04EC0-301F-11D3-BF4B-00C04F79EFBC}") = "Backups", "lab3\Backups\Backups.csproj", "{0EF65615-09F1-4CBB-9BDF-D1F199F0F69B}"
EndProject
Project("{FAE04EC0-301F-11D3-BF4B-00C04F79EFBC}") = "BackupsTests", "lab3\BackupsTests\BackupsTests.csproj", "{D9CE13FC-9788-4F11-958C-79E49871CBA1}"
EndProject
Project("{2150E333-8FDC-42A3-9474-1A3956D46DE8}") = "lab4", "lab4", "{9534C812-CFCD-4479-B573-15F1F8B28BB2}"
EndProject
Project("{FAE04EC0-301F-11D3-BF4B-00C04F79EFBC}") = "BanksConsole", "lab4\BanksConsole\BanksConsole.csproj", "{AE58F05B-00BA-475F-8DE8-473C1A84DE65}"
EndProject
Project("{FAE04EC0-301F-11D3-BF4B-00C04F79EFBC}") = "Banks", "lab4\Banks\Banks.csproj", "{A5D7722C-61BE-4347-9468-4648AC2AFE4F}"
EndProject
Project("{FAE04EC0-301F-11D3-BF4B-00C04F79EFBC}") = "BanksTest", "lab4\BanksTest\BanksTest.csproj", "{C5E101B6-DDB5-4D5E-97B4-6E15B79731C9}"
EndProject
Global
	GlobalSection(SolutionConfigurationPlatforms) = preSolution
		Debug|Any CPU = Debug|Any CPU
		Release|Any CPU = Release|Any CPU
	EndGlobalSection
	GlobalSection(ProjectConfigurationPlatforms) = postSolution
		{8D4E5165-0BE8-4786-9D71-BC21806513A7}.Debug|Any CPU.ActiveCfg = Debug|Any CPU
		{8D4E5165-0BE8-4786-9D71-BC21806513A7}.Debug|Any CPU.Build.0 = Debug|Any CPU
		{8D4E5165-0BE8-4786-9D71-BC21806513A7}.Release|Any CPU.ActiveCfg = Release|Any CPU
		{8D4E5165-0BE8-4786-9D71-BC21806513A7}.Release|Any CPU.Build.0 = Release|Any CPU
		{E3F744BD-9762-412A-98B6-D59B6CC2EA5A}.Debug|Any CPU.ActiveCfg = Debug|Any CPU
		{E3F744BD-9762-412A-98B6-D59B6CC2EA5A}.Debug|Any CPU.Build.0 = Debug|Any CPU
		{E3F744BD-9762-412A-98B6-D59B6CC2EA5A}.Release|Any CPU.ActiveCfg = Release|Any CPU
		{E3F744BD-9762-412A-98B6-D59B6CC2EA5A}.Release|Any CPU.Build.0 = Release|Any CPU
		{90C718CE-28CF-40CD-A199-A4A9629FDA60}.Debug|Any CPU.ActiveCfg = Debug|Any CPU
		{90C718CE-28CF-40CD-A199-A4A9629FDA60}.Debug|Any CPU.Build.0 = Debug|Any CPU
		{90C718CE-28CF-40CD-A199-A4A9629FDA60}.Release|Any CPU.ActiveCfg = Release|Any CPU
		{90C718CE-28CF-40CD-A199-A4A9629FDA60}.Release|Any CPU.Build.0 = Release|Any CPU
		{0EF65615-09F1-4CBB-9BDF-D1F199F0F69B}.Debug|Any CPU.ActiveCfg = Debug|Any CPU
		{0EF65615-09F1-4CBB-9BDF-D1F199F0F69B}.Debug|Any CPU.Build.0 = Debug|Any CPU
		{0EF65615-09F1-4CBB-9BDF-D1F199F0F69B}.Release|Any CPU.ActiveCfg = Release|Any CPU
		{0EF65615-09F1-4CBB-9BDF-D1F199F0F69B}.Release|Any CPU.Build.0 = Release|Any CPU
		{D9CE13FC-9788-4F11-958C-79E49871CBA1}.Debug|Any CPU.ActiveCfg = Debug|Any CPU
		{D9CE13FC-9788-4F11-958C-79E49871CBA1}.Debug|Any CPU.Build.0 = Debug|Any CPU
		{D9CE13FC-9788-4F11-958C-79E49871CBA1}.Release|Any CPU.ActiveCfg = Release|Any CPU
		{D9CE13FC-9788-4F11-958C-79E49871CBA1}.Release|Any CPU.Build.0 = Release|Any CPU
		{AE58F05B-00BA-475F-8DE8-473C1A84DE65}.Debug|Any CPU.ActiveCfg = Debug|Any CPU
		{AE58F05B-00BA-475F-8DE8-473C1A84DE65}.Debug|Any CPU.Build.0 = Debug|Any CPU
		{AE58F05B-00BA-475F-8DE8-473C1A84DE65}.Release|Any CPU.ActiveCfg = Release|Any CPU
		{AE58F05B-00BA-475F-8DE8-473C1A84DE65}.Release|Any CPU.Build.0 = Release|Any CPU
		{A5D7722C-61BE-4347-9468-4648AC2AFE4F}.Debug|Any CPU.ActiveCfg = Debug|Any CPU
		{A5D7722C-61BE-4347-9468-4648AC2AFE4F}.Debug|Any CPU.Build.0 = Debug|Any CPU
		{A5D7722C-61BE-4347-9468-4648AC2AFE4F}.Release|Any CPU.ActiveCfg = Release|Any CPU
		{A5D7722C-61BE-4347-9468-4648AC2AFE4F}.Release|Any CPU.Build.0 = Release|Any CPU
		{C5E101B6-DDB5-4D5E-97B4-6E15B79731C9}.Debug|Any CPU.ActiveCfg = Debug|Any CPU
		{C5E101B6-DDB5-4D5E-97B4-6E15B79731C9}.Debug|Any CPU.Build.0 = Debug|Any CPU
		{C5E101B6-DDB5-4D5E-97B4-6E15B79731C9}.Release|Any CPU.ActiveCfg = Release|Any CPU
		{C5E101B6-DDB5-4D5E-97B4-6E15B79731C9}.Release|Any CPU.Build.0 = Release|Any CPU
	EndGlobalSection
	GlobalSection(NestedProjects) = preSolution
		{8D4E5165-0BE8-4786-9D71-BC21806513A7} = {B8FA84D7-5055-4B0D-B418-49DAE5A27969}
		{E3F744BD-9762-412A-98B6-D59B6CC2EA5A} = {52813C87-31AA-4006-82E6-5E91E12A8987}
		{90C718CE-28CF-40CD-A199-A4A9629FDA60} = {CD8095D2-C879-437B-83E3-034E2DE7F350}
		{0EF65615-09F1-4CBB-9BDF-D1F199F0F69B} = {E725FAF3-CA9C-4B79-B474-A48260F7C56C}
		{D9CE13FC-9788-4F11-958C-79E49871CBA1} = {E725FAF3-CA9C-4B79-B474-A48260F7C56C}
		{AE58F05B-00BA-475F-8DE8-473C1A84DE65} = {9534C812-CFCD-4479-B573-15F1F8B28BB2}
		{A5D7722C-61BE-4347-9468-4648AC2AFE4F} = {9534C812-CFCD-4479-B573-15F1F8B28BB2}
		{C5E101B6-DDB5-4D5E-97B4-6E15B79731C9} = {9534C812-CFCD-4479-B573-15F1F8B28BB2}
	EndGlobalSection
EndGlobal
